// !$*UTF8*$!
{
	archiveVersion = 1;
	classes = {
	};
	objectVersion = 50;
	objects = {

/* Begin PBXBuildFile section */
		1E068757217B84B60005E4AF /* ArchiveTest.m in Sources */ = {isa = PBXBuildFile; fileRef = 1E068756217B84B60005E4AF /* ArchiveTest.m */; };
		1E0F59EB219BCA150021B979 /* KDLockTest.m in Sources */ = {isa = PBXBuildFile; fileRef = 1E0F59EA219BCA150021B979 /* KDLockTest.m */; };
		1E15F84A21251FCD00C9F734 /* TestString.swift in Sources */ = {isa = PBXBuildFile; fileRef = 1E15F83F21251FCC00C9F734 /* TestString.swift */; };
		1E15F84B21251FCD00C9F734 /* TestProtocol.swift in Sources */ = {isa = PBXBuildFile; fileRef = 1E15F84021251FCC00C9F734 /* TestProtocol.swift */; };
		1E15F84C21251FCD00C9F734 /* MyView.swift in Sources */ = {isa = PBXBuildFile; fileRef = 1E15F84121251FCC00C9F734 /* MyView.swift */; };
		1E15F84D21251FCD00C9F734 /* Hello 2.swift in Sources */ = {isa = PBXBuildFile; fileRef = 1E15F84221251FCC00C9F734 /* Hello 2.swift */; };
		1E15F84E21251FCD00C9F734 /* TestStruct.swift in Sources */ = {isa = PBXBuildFile; fileRef = 1E15F84321251FCC00C9F734 /* TestStruct.swift */; };
		1E15F84F21251FCD00C9F734 /* MyClass.swift in Sources */ = {isa = PBXBuildFile; fileRef = 1E15F84521251FCC00C9F734 /* MyClass.swift */; };
		1E15F85021251FCD00C9F734 /* EnumTest.swift in Sources */ = {isa = PBXBuildFile; fileRef = 1E15F84621251FCC00C9F734 /* EnumTest.swift */; };
		1E15F85121251FCD00C9F734 /* RuntimeDemo.swift in Sources */ = {isa = PBXBuildFile; fileRef = 1E15F84721251FCD00C9F734 /* RuntimeDemo.swift */; };
		1E15F85221251FCD00C9F734 /* TestMethod.swift in Sources */ = {isa = PBXBuildFile; fileRef = 1E15F84821251FCD00C9F734 /* TestMethod.swift */; };
		1E15F85321251FCD00C9F734 /* TestOperatorMethod.swift in Sources */ = {isa = PBXBuildFile; fileRef = 1E15F84921251FCD00C9F734 /* TestOperatorMethod.swift */; };
		1E1A892C2122776F00CD33B5 /* Hello.swift in Sources */ = {isa = PBXBuildFile; fileRef = 1E1A892B2122776F00CD33B5 /* Hello.swift */; };
		1E3739D221243166002C1352 /* Image.xcassets in Resources */ = {isa = PBXBuildFile; fileRef = 1E3739D121243166002C1352 /* Image.xcassets */; };
		1E4292C5219C275C00B0A825 /* LastResponder.m in Sources */ = {isa = PBXBuildFile; fileRef = 1E4292C4219C275C00B0A825 /* LastResponder.m */; };
		1E4BDF5A217B79A0007E23ED /* CopyTest.m in Sources */ = {isa = PBXBuildFile; fileRef = 1E4BDF59217B79A0007E23ED /* CopyTest.m */; };
		1E6FBD08217741E100876206 /* DispatchTest.m in Sources */ = {isa = PBXBuildFile; fileRef = 1E6FBD07217741E100876206 /* DispatchTest.m */; };
		1E79DAE2219D8A1A00867F1A /* CopyTest+Hello.m in Sources */ = {isa = PBXBuildFile; fileRef = 1E79DAE1219D8A1A00867F1A /* CopyTest+Hello.m */; };
		1E8E3C762122ACA4001418E5 /* 2.png in Resources */ = {isa = PBXBuildFile; fileRef = 1E8E3C752122ACA4001418E5 /* 2.png */; };
		1EB4124A21C4DBDC00EEFECB /* TestMethod.m in Sources */ = {isa = PBXBuildFile; fileRef = 1EB4122721C4DBDC00EEFECB /* TestMethod.m */; };
		1EB4124B21C4DBDC00EEFECB /* TestProperty.m in Sources */ = {isa = PBXBuildFile; fileRef = 1EB4122921C4DBDC00EEFECB /* TestProperty.m */; };
		1EB4124C21C4DBDC00EEFECB /* TestLibrary.m in Sources */ = {isa = PBXBuildFile; fileRef = 1EB4122C21C4DBDC00EEFECB /* TestLibrary.m */; };
		1EB4124D21C4DBDC00EEFECB /* TestWeak.m in Sources */ = {isa = PBXBuildFile; fileRef = 1EB4122D21C4DBDC00EEFECB /* TestWeak.m */; };
		1EB4124E21C4DBDC00EEFECB /* TestAssociateObj.m in Sources */ = {isa = PBXBuildFile; fileRef = 1EB4123221C4DBDC00EEFECB /* TestAssociateObj.m */; };
		1EB4124F21C4DBDC00EEFECB /* TestClass.m in Sources */ = {isa = PBXBuildFile; fileRef = 1EB4123321C4DBDC00EEFECB /* TestClass.m */; };
		1EB4125021C4DBDC00EEFECB /* TestBlock.m in Sources */ = {isa = PBXBuildFile; fileRef = 1EB4123421C4DBDC00EEFECB /* TestBlock.m */; };
		1EB4125121C4DBDC00EEFECB /* TestObjc.m in Sources */ = {isa = PBXBuildFile; fileRef = 1EB4123621C4DBDC00EEFECB /* TestObjc.m */; };
		1EB4125221C4DBDC00EEFECB /* TestProtocol.m in Sources */ = {isa = PBXBuildFile; fileRef = 1EB4123921C4DBDC00EEFECB /* TestProtocol.m */; };
		1EB4125321C4DBDC00EEFECB /* TestSelector.m in Sources */ = {isa = PBXBuildFile; fileRef = 1EB4123A21C4DBDC00EEFECB /* TestSelector.m */; };
		1EB4125421C4DBDC00EEFECB /* TestIVar.m in Sources */ = {isa = PBXBuildFile; fileRef = 1EB4123B21C4DBDC00EEFECB /* TestIVar.m */; };
		1EB4125521C4DBDC00EEFECB /* SubClass.m in Sources */ = {isa = PBXBuildFile; fileRef = 1EB4123E21C4DBDC00EEFECB /* SubClass.m */; };
		1EB4125621C4DBDC00EEFECB /* SuperClass.mm in Sources */ = {isa = PBXBuildFile; fileRef = 1EB4124021C4DBDC00EEFECB /* SuperClass.mm */; };
		1EB4125721C4DBDC00EEFECB /* hello.m in Sources */ = {isa = PBXBuildFile; fileRef = 1EB4124321C4DBDC00EEFECB /* hello.m */; };
		1EB4125921C4DBDC00EEFECB /* TestTaggedPointer.m in Sources */ = {isa = PBXBuildFile; fileRef = 1EB4124721C4DBDC00EEFECB /* TestTaggedPointer.m */; };
		1EB4125A21C4DBDC00EEFECB /* RuntimeDemo.m in Sources */ = {isa = PBXBuildFile; fileRef = 1EB4124921C4DBDC00EEFECB /* RuntimeDemo.m */; };
		1EB4125D21C4DC0300EEFECB /* KDUtil.m in Sources */ = {isa = PBXBuildFile; fileRef = 1EB4125C21C4DC0300EEFECB /* KDUtil.m */; };
		1EBA7A09212275C3008F518C /* AppDelegate.m in Sources */ = {isa = PBXBuildFile; fileRef = 1EBA7A08212275C3008F518C /* AppDelegate.m */; };
		1EBA7A0C212275C3008F518C /* ViewController.m in Sources */ = {isa = PBXBuildFile; fileRef = 1EBA7A0B212275C3008F518C /* ViewController.m */; };
		1EBA7A0F212275C3008F518C /* Main.storyboard in Resources */ = {isa = PBXBuildFile; fileRef = 1EBA7A0D212275C3008F518C /* Main.storyboard */; };
		1EBA7A11212275C4008F518C /* Assets.xcassets in Resources */ = {isa = PBXBuildFile; fileRef = 1EBA7A10212275C4008F518C /* Assets.xcassets */; };
		1EBA7A14212275C4008F518C /* LaunchScreen.storyboard in Resources */ = {isa = PBXBuildFile; fileRef = 1EBA7A12212275C4008F518C /* LaunchScreen.storyboard */; };
		1EBA7A17212275C4008F518C /* main.m in Sources */ = {isa = PBXBuildFile; fileRef = 1EBA7A16212275C4008F518C /* main.m */; };
		1EBA7A21212275C4008F518C /* kd_studyTests.m in Sources */ = {isa = PBXBuildFile; fileRef = 1EBA7A20212275C4008F518C /* kd_studyTests.m */; };
		1EBA7A2C212275C4008F518C /* kd_studyUITests.m in Sources */ = {isa = PBXBuildFile; fileRef = 1EBA7A2B212275C4008F518C /* kd_studyUITests.m */; };
		1EBF65A921C73762000D92ED /* RuntimeTest2.m in Sources */ = {isa = PBXBuildFile; fileRef = 1EBF65A621C73762000D92ED /* RuntimeTest2.m */; };
		1EBF65AA21C73762000D92ED /* MyClass.m in Sources */ = {isa = PBXBuildFile; fileRef = 1EBF65A721C73762000D92ED /* MyClass.m */; };
		1EBF65AB21C73762000D92ED /* RuntimeTest.m in Sources */ = {isa = PBXBuildFile; fileRef = 1EBF65A821C73762000D92ED /* RuntimeTest.m */; };
		1EDB0471217708EA0039A010 /* RunLoopTest.m in Sources */ = {isa = PBXBuildFile; fileRef = 1EDB046F217708EA0039A010 /* RunLoopTest.m */; };
		8246D214DB75C23992B0D663 /* Pods_kd_studyTests.framework in Frameworks */ = {isa = PBXBuildFile; fileRef = 26FEEF1B482DC0D3D398C81F /* Pods_kd_studyTests.framework */; };
		EEA59CF16C480EBBBC288040 /* Pods_kd_studyUITests.framework in Frameworks */ = {isa = PBXBuildFile; fileRef = F7471DB7B6EE81ECAF47A80A /* Pods_kd_studyUITests.framework */; };
		FFB1D2AF99AD86EB352B39DC /* Pods_kd_study.framework in Frameworks */ = {isa = PBXBuildFile; fileRef = 639C7873E6E78DCC99A5E793 /* Pods_kd_study.framework */; };
/* End PBXBuildFile section */

/* Begin PBXContainerItemProxy section */
		1EBA7A1D212275C4008F518C /* PBXContainerItemProxy */ = {
			isa = PBXContainerItemProxy;
			containerPortal = 1EBA79FC212275C3008F518C /* Project object */;
			proxyType = 1;
			remoteGlobalIDString = 1EBA7A03212275C3008F518C;
			remoteInfo = kd_study;
		};
		1EBA7A28212275C4008F518C /* PBXContainerItemProxy */ = {
			isa = PBXContainerItemProxy;
			containerPortal = 1EBA79FC212275C3008F518C /* Project object */;
			proxyType = 1;
			remoteGlobalIDString = 1EBA7A03212275C3008F518C;
			remoteInfo = kd_study;
		};
/* End PBXContainerItemProxy section */

/* Begin PBXFileReference section */
		1E068755217B84B60005E4AF /* ArchiveTest.h */ = {isa = PBXFileReference; lastKnownFileType = sourcecode.c.h; path = ArchiveTest.h; sourceTree = "<group>"; };
		1E068756217B84B60005E4AF /* ArchiveTest.m */ = {isa = PBXFileReference; lastKnownFileType = sourcecode.c.objc; path = ArchiveTest.m; sourceTree = "<group>"; };
		1E0F59E9219BCA150021B979 /* KDLockTest.h */ = {isa = PBXFileReference; lastKnownFileType = sourcecode.c.h; path = KDLockTest.h; sourceTree = "<group>"; };
		1E0F59EA219BCA150021B979 /* KDLockTest.m */ = {isa = PBXFileReference; lastKnownFileType = sourcecode.c.objc; path = KDLockTest.m; sourceTree = "<group>"; };
		1E15F83F21251FCC00C9F734 /* TestString.swift */ = {isa = PBXFileReference; fileEncoding = 4; lastKnownFileType = sourcecode.swift; path = TestString.swift; sourceTree = "<group>"; };
		1E15F84021251FCC00C9F734 /* TestProtocol.swift */ = {isa = PBXFileReference; fileEncoding = 4; lastKnownFileType = sourcecode.swift; path = TestProtocol.swift; sourceTree = "<group>"; };
		1E15F84121251FCC00C9F734 /* MyView.swift */ = {isa = PBXFileReference; fileEncoding = 4; lastKnownFileType = sourcecode.swift; path = MyView.swift; sourceTree = "<group>"; };
		1E15F84221251FCC00C9F734 /* Hello 2.swift */ = {isa = PBXFileReference; fileEncoding = 4; lastKnownFileType = sourcecode.swift; path = "Hello 2.swift"; sourceTree = "<group>"; };
		1E15F84321251FCC00C9F734 /* TestStruct.swift */ = {isa = PBXFileReference; fileEncoding = 4; lastKnownFileType = sourcecode.swift; path = TestStruct.swift; sourceTree = "<group>"; };
		1E15F84521251FCC00C9F734 /* MyClass.swift */ = {isa = PBXFileReference; fileEncoding = 4; lastKnownFileType = sourcecode.swift; path = MyClass.swift; sourceTree = "<group>"; };
		1E15F84621251FCC00C9F734 /* EnumTest.swift */ = {isa = PBXFileReference; fileEncoding = 4; lastKnownFileType = sourcecode.swift; path = EnumTest.swift; sourceTree = "<group>"; };
		1E15F84721251FCD00C9F734 /* RuntimeDemo.swift */ = {isa = PBXFileReference; fileEncoding = 4; lastKnownFileType = sourcecode.swift; path = RuntimeDemo.swift; sourceTree = "<group>"; };
		1E15F84821251FCD00C9F734 /* TestMethod.swift */ = {isa = PBXFileReference; fileEncoding = 4; lastKnownFileType = sourcecode.swift; path = TestMethod.swift; sourceTree = "<group>"; };
		1E15F84921251FCD00C9F734 /* TestOperatorMethod.swift */ = {isa = PBXFileReference; fileEncoding = 4; lastKnownFileType = sourcecode.swift; path = TestOperatorMethod.swift; sourceTree = "<group>"; };
		1E1A892A2122776F00CD33B5 /* kd_study-Bridging-Header.h */ = {isa = PBXFileReference; lastKnownFileType = sourcecode.c.h; path = "kd_study-Bridging-Header.h"; sourceTree = "<group>"; };
		1E1A892B2122776F00CD33B5 /* Hello.swift */ = {isa = PBXFileReference; lastKnownFileType = sourcecode.swift; path = Hello.swift; sourceTree = "<group>"; };
		1E3739D121243166002C1352 /* Image.xcassets */ = {isa = PBXFileReference; lastKnownFileType = folder.assetcatalog; path = Image.xcassets; sourceTree = "<group>"; };
		1E4292C3219C275C00B0A825 /* LastResponder.h */ = {isa = PBXFileReference; lastKnownFileType = sourcecode.c.h; path = LastResponder.h; sourceTree = "<group>"; };
		1E4292C4219C275C00B0A825 /* LastResponder.m */ = {isa = PBXFileReference; lastKnownFileType = sourcecode.c.objc; path = LastResponder.m; sourceTree = "<group>"; };
		1E4BDF57217B78C6007E23ED /* learn-copy.md */ = {isa = PBXFileReference; lastKnownFileType = net.daringfireball.markdown; path = "learn-copy.md"; sourceTree = "<group>"; };
		1E4BDF58217B79A0007E23ED /* CopyTest.h */ = {isa = PBXFileReference; lastKnownFileType = sourcecode.c.h; path = CopyTest.h; sourceTree = "<group>"; };
		1E4BDF59217B79A0007E23ED /* CopyTest.m */ = {isa = PBXFileReference; lastKnownFileType = sourcecode.c.objc; path = CopyTest.m; sourceTree = "<group>"; };
		1E6FBD06217741E100876206 /* DispatchTest.h */ = {isa = PBXFileReference; lastKnownFileType = sourcecode.c.h; path = DispatchTest.h; sourceTree = "<group>"; };
		1E6FBD07217741E100876206 /* DispatchTest.m */ = {isa = PBXFileReference; lastKnownFileType = sourcecode.c.objc; path = DispatchTest.m; sourceTree = "<group>"; };
		1E79DAE0219D8A1A00867F1A /* CopyTest+Hello.h */ = {isa = PBXFileReference; lastKnownFileType = sourcecode.c.h; path = "CopyTest+Hello.h"; sourceTree = "<group>"; };
		1E79DAE1219D8A1A00867F1A /* CopyTest+Hello.m */ = {isa = PBXFileReference; lastKnownFileType = sourcecode.c.objc; path = "CopyTest+Hello.m"; sourceTree = "<group>"; };
		1E8E3C752122ACA4001418E5 /* 2.png */ = {isa = PBXFileReference; lastKnownFileType = image.png; path = 2.png; sourceTree = "<group>"; };
		1EB4122621C4DBDC00EEFECB /* TestAssociateObj.h */ = {isa = PBXFileReference; fileEncoding = 4; lastKnownFileType = sourcecode.c.h; path = TestAssociateObj.h; sourceTree = "<group>"; };
		1EB4122721C4DBDC00EEFECB /* TestMethod.m */ = {isa = PBXFileReference; fileEncoding = 4; lastKnownFileType = sourcecode.c.objc; path = TestMethod.m; sourceTree = "<group>"; };
		1EB4122821C4DBDC00EEFECB /* TestObjc.h */ = {isa = PBXFileReference; fileEncoding = 4; lastKnownFileType = sourcecode.c.h; path = TestObjc.h; sourceTree = "<group>"; };
		1EB4122921C4DBDC00EEFECB /* TestProperty.m */ = {isa = PBXFileReference; fileEncoding = 4; lastKnownFileType = sourcecode.c.objc; path = TestProperty.m; sourceTree = "<group>"; };
		1EB4122A21C4DBDC00EEFECB /* TestBlock.h */ = {isa = PBXFileReference; fileEncoding = 4; lastKnownFileType = sourcecode.c.h; path = TestBlock.h; sourceTree = "<group>"; };
		1EB4122B21C4DBDC00EEFECB /* TestClass.h */ = {isa = PBXFileReference; fileEncoding = 4; lastKnownFileType = sourcecode.c.h; path = TestClass.h; sourceTree = "<group>"; };
		1EB4122C21C4DBDC00EEFECB /* TestLibrary.m */ = {isa = PBXFileReference; fileEncoding = 4; lastKnownFileType = sourcecode.c.objc; path = TestLibrary.m; sourceTree = "<group>"; };
		1EB4122D21C4DBDC00EEFECB /* TestWeak.m */ = {isa = PBXFileReference; fileEncoding = 4; lastKnownFileType = sourcecode.c.objc; path = TestWeak.m; sourceTree = "<group>"; };
		1EB4122E21C4DBDC00EEFECB /* TestSelector.h */ = {isa = PBXFileReference; fileEncoding = 4; lastKnownFileType = sourcecode.c.h; path = TestSelector.h; sourceTree = "<group>"; };
		1EB4122F21C4DBDC00EEFECB /* TestIVar.h */ = {isa = PBXFileReference; fileEncoding = 4; lastKnownFileType = sourcecode.c.h; path = TestIVar.h; sourceTree = "<group>"; };
		1EB4123021C4DBDC00EEFECB /* TestProtocol.h */ = {isa = PBXFileReference; fileEncoding = 4; lastKnownFileType = sourcecode.c.h; path = TestProtocol.h; sourceTree = "<group>"; };
		1EB4123121C4DBDC00EEFECB /* TestMethod.h */ = {isa = PBXFileReference; fileEncoding = 4; lastKnownFileType = sourcecode.c.h; path = TestMethod.h; sourceTree = "<group>"; };
		1EB4123221C4DBDC00EEFECB /* TestAssociateObj.m */ = {isa = PBXFileReference; fileEncoding = 4; lastKnownFileType = sourcecode.c.objc; path = TestAssociateObj.m; sourceTree = "<group>"; };
		1EB4123321C4DBDC00EEFECB /* TestClass.m */ = {isa = PBXFileReference; fileEncoding = 4; lastKnownFileType = sourcecode.c.objc; path = TestClass.m; sourceTree = "<group>"; };
		1EB4123421C4DBDC00EEFECB /* TestBlock.m */ = {isa = PBXFileReference; fileEncoding = 4; lastKnownFileType = sourcecode.c.objc; path = TestBlock.m; sourceTree = "<group>"; };
		1EB4123521C4DBDC00EEFECB /* TestProperty.h */ = {isa = PBXFileReference; fileEncoding = 4; lastKnownFileType = sourcecode.c.h; path = TestProperty.h; sourceTree = "<group>"; };
		1EB4123621C4DBDC00EEFECB /* TestObjc.m */ = {isa = PBXFileReference; fileEncoding = 4; lastKnownFileType = sourcecode.c.objc; path = TestObjc.m; sourceTree = "<group>"; };
		1EB4123721C4DBDC00EEFECB /* TestWeak.h */ = {isa = PBXFileReference; fileEncoding = 4; lastKnownFileType = sourcecode.c.h; path = TestWeak.h; sourceTree = "<group>"; };
		1EB4123821C4DBDC00EEFECB /* TestLibrary.h */ = {isa = PBXFileReference; fileEncoding = 4; lastKnownFileType = sourcecode.c.h; path = TestLibrary.h; sourceTree = "<group>"; };
		1EB4123921C4DBDC00EEFECB /* TestProtocol.m */ = {isa = PBXFileReference; fileEncoding = 4; lastKnownFileType = sourcecode.c.objc; path = TestProtocol.m; sourceTree = "<group>"; };
		1EB4123A21C4DBDC00EEFECB /* TestSelector.m */ = {isa = PBXFileReference; fileEncoding = 4; lastKnownFileType = sourcecode.c.objc; path = TestSelector.m; sourceTree = "<group>"; };
		1EB4123B21C4DBDC00EEFECB /* TestIVar.m */ = {isa = PBXFileReference; fileEncoding = 4; lastKnownFileType = sourcecode.c.objc; path = TestIVar.m; sourceTree = "<group>"; };
		1EB4123C21C4DBDC00EEFECB /* RuntimeDemo.h */ = {isa = PBXFileReference; fileEncoding = 4; lastKnownFileType = sourcecode.c.h; path = RuntimeDemo.h; sourceTree = "<group>"; };
		1EB4123E21C4DBDC00EEFECB /* SubClass.m */ = {isa = PBXFileReference; fileEncoding = 4; lastKnownFileType = sourcecode.c.objc; path = SubClass.m; sourceTree = "<group>"; };
		1EB4123F21C4DBDC00EEFECB /* SuperClass.h */ = {isa = PBXFileReference; fileEncoding = 4; lastKnownFileType = sourcecode.c.h; path = SuperClass.h; sourceTree = "<group>"; };
		1EB4124021C4DBDC00EEFECB /* SuperClass.mm */ = {isa = PBXFileReference; fileEncoding = 4; lastKnownFileType = sourcecode.cpp.objcpp; path = SuperClass.mm; sourceTree = "<group>"; };
		1EB4124121C4DBDC00EEFECB /* SubClass.h */ = {isa = PBXFileReference; fileEncoding = 4; lastKnownFileType = sourcecode.c.h; path = SubClass.h; sourceTree = "<group>"; };
		1EB4124321C4DBDC00EEFECB /* hello.m */ = {isa = PBXFileReference; fileEncoding = 4; lastKnownFileType = sourcecode.c.objc; path = hello.m; sourceTree = "<group>"; };
		1EB4124521C4DBDC00EEFECB /* hello.h */ = {isa = PBXFileReference; fileEncoding = 4; lastKnownFileType = sourcecode.c.h; path = hello.h; sourceTree = "<group>"; };
		1EB4124721C4DBDC00EEFECB /* TestTaggedPointer.m */ = {isa = PBXFileReference; fileEncoding = 4; lastKnownFileType = sourcecode.c.objc; path = TestTaggedPointer.m; sourceTree = "<group>"; };
		1EB4124821C4DBDC00EEFECB /* TestTaggedPointer.h */ = {isa = PBXFileReference; fileEncoding = 4; lastKnownFileType = sourcecode.c.h; path = TestTaggedPointer.h; sourceTree = "<group>"; };
		1EB4124921C4DBDC00EEFECB /* RuntimeDemo.m */ = {isa = PBXFileReference; fileEncoding = 4; lastKnownFileType = sourcecode.c.objc; path = RuntimeDemo.m; sourceTree = "<group>"; };
		1EB4125B21C4DC0300EEFECB /* KDUtil.h */ = {isa = PBXFileReference; fileEncoding = 4; lastKnownFileType = sourcecode.c.h; path = KDUtil.h; sourceTree = "<group>"; };
		1EB4125C21C4DC0300EEFECB /* KDUtil.m */ = {isa = PBXFileReference; fileEncoding = 4; lastKnownFileType = sourcecode.c.objc; path = KDUtil.m; sourceTree = "<group>"; };
		1EBA7A04212275C3008F518C /* kd_study.app */ = {isa = PBXFileReference; explicitFileType = wrapper.application; includeInIndex = 0; path = kd_study.app; sourceTree = BUILT_PRODUCTS_DIR; };
		1EBA7A07212275C3008F518C /* AppDelegate.h */ = {isa = PBXFileReference; lastKnownFileType = sourcecode.c.h; path = AppDelegate.h; sourceTree = "<group>"; };
		1EBA7A08212275C3008F518C /* AppDelegate.m */ = {isa = PBXFileReference; lastKnownFileType = sourcecode.c.objc; path = AppDelegate.m; sourceTree = "<group>"; };
		1EBA7A0A212275C3008F518C /* ViewController.h */ = {isa = PBXFileReference; lastKnownFileType = sourcecode.c.h; path = ViewController.h; sourceTree = "<group>"; };
		1EBA7A0B212275C3008F518C /* ViewController.m */ = {isa = PBXFileReference; lastKnownFileType = sourcecode.c.objc; path = ViewController.m; sourceTree = "<group>"; };
		1EBA7A0E212275C3008F518C /* Base */ = {isa = PBXFileReference; lastKnownFileType = file.storyboard; name = Base; path = Base.lproj/Main.storyboard; sourceTree = "<group>"; };
		1EBA7A10212275C4008F518C /* Assets.xcassets */ = {isa = PBXFileReference; lastKnownFileType = folder.assetcatalog; path = Assets.xcassets; sourceTree = "<group>"; };
		1EBA7A13212275C4008F518C /* Base */ = {isa = PBXFileReference; lastKnownFileType = file.storyboard; name = Base; path = Base.lproj/LaunchScreen.storyboard; sourceTree = "<group>"; };
		1EBA7A15212275C4008F518C /* Info.plist */ = {isa = PBXFileReference; lastKnownFileType = text.plist.xml; path = Info.plist; sourceTree = "<group>"; };
		1EBA7A16212275C4008F518C /* main.m */ = {isa = PBXFileReference; lastKnownFileType = sourcecode.c.objc; path = main.m; sourceTree = "<group>"; };
		1EBA7A1C212275C4008F518C /* kd_studyTests.xctest */ = {isa = PBXFileReference; explicitFileType = wrapper.cfbundle; includeInIndex = 0; path = kd_studyTests.xctest; sourceTree = BUILT_PRODUCTS_DIR; };
		1EBA7A20212275C4008F518C /* kd_studyTests.m */ = {isa = PBXFileReference; lastKnownFileType = sourcecode.c.objc; path = kd_studyTests.m; sourceTree = "<group>"; };
		1EBA7A22212275C4008F518C /* Info.plist */ = {isa = PBXFileReference; lastKnownFileType = text.plist.xml; path = Info.plist; sourceTree = "<group>"; };
		1EBA7A27212275C4008F518C /* kd_studyUITests.xctest */ = {isa = PBXFileReference; explicitFileType = wrapper.cfbundle; includeInIndex = 0; path = kd_studyUITests.xctest; sourceTree = BUILT_PRODUCTS_DIR; };
		1EBA7A2B212275C4008F518C /* kd_studyUITests.m */ = {isa = PBXFileReference; lastKnownFileType = sourcecode.c.objc; path = kd_studyUITests.m; sourceTree = "<group>"; };
		1EBA7A2D212275C4008F518C /* Info.plist */ = {isa = PBXFileReference; lastKnownFileType = text.plist.xml; path = Info.plist; sourceTree = "<group>"; };
		1EBF65A321C73762000D92ED /* RuntimeTest2.h */ = {isa = PBXFileReference; fileEncoding = 4; lastKnownFileType = sourcecode.c.h; path = RuntimeTest2.h; sourceTree = "<group>"; };
		1EBF65A421C73762000D92ED /* RuntimeTest.h */ = {isa = PBXFileReference; fileEncoding = 4; lastKnownFileType = sourcecode.c.h; path = RuntimeTest.h; sourceTree = "<group>"; };
		1EBF65A521C73762000D92ED /* MyClass.h */ = {isa = PBXFileReference; fileEncoding = 4; lastKnownFileType = sourcecode.c.h; path = MyClass.h; sourceTree = "<group>"; };
		1EBF65A621C73762000D92ED /* RuntimeTest2.m */ = {isa = PBXFileReference; fileEncoding = 4; lastKnownFileType = sourcecode.c.objc; path = RuntimeTest2.m; sourceTree = "<group>"; };
		1EBF65A721C73762000D92ED /* MyClass.m */ = {isa = PBXFileReference; fileEncoding = 4; lastKnownFileType = sourcecode.c.objc; path = MyClass.m; sourceTree = "<group>"; };
		1EBF65A821C73762000D92ED /* RuntimeTest.m */ = {isa = PBXFileReference; fileEncoding = 4; lastKnownFileType = sourcecode.c.objc; path = RuntimeTest.m; sourceTree = "<group>"; };
		1EDB046F217708EA0039A010 /* RunLoopTest.m */ = {isa = PBXFileReference; fileEncoding = 4; lastKnownFileType = sourcecode.c.objc; path = RunLoopTest.m; sourceTree = "<group>"; };
		1EDB0470217708EA0039A010 /* RunLoopTest.h */ = {isa = PBXFileReference; fileEncoding = 4; lastKnownFileType = sourcecode.c.h; path = RunLoopTest.h; sourceTree = "<group>"; };
		1F367A38356B747035017796 /* Pods-kd_study.debug.xcconfig */ = {isa = PBXFileReference; includeInIndex = 1; lastKnownFileType = text.xcconfig; name = "Pods-kd_study.debug.xcconfig"; path = "Pods/Target Support Files/Pods-kd_study/Pods-kd_study.debug.xcconfig"; sourceTree = "<group>"; };
		26FEEF1B482DC0D3D398C81F /* Pods_kd_studyTests.framework */ = {isa = PBXFileReference; explicitFileType = wrapper.framework; includeInIndex = 0; path = Pods_kd_studyTests.framework; sourceTree = BUILT_PRODUCTS_DIR; };
		55A84C2461E7402BBE83A17A /* Pods-kd_studyUITests.release.xcconfig */ = {isa = PBXFileReference; includeInIndex = 1; lastKnownFileType = text.xcconfig; name = "Pods-kd_studyUITests.release.xcconfig"; path = "Pods/Target Support Files/Pods-kd_studyUITests/Pods-kd_studyUITests.release.xcconfig"; sourceTree = "<group>"; };
		62E80E13184272A6C70C0F5B /* Pods-kd_studyTests.debug.xcconfig */ = {isa = PBXFileReference; includeInIndex = 1; lastKnownFileType = text.xcconfig; name = "Pods-kd_studyTests.debug.xcconfig"; path = "Pods/Target Support Files/Pods-kd_studyTests/Pods-kd_studyTests.debug.xcconfig"; sourceTree = "<group>"; };
		639C7873E6E78DCC99A5E793 /* Pods_kd_study.framework */ = {isa = PBXFileReference; explicitFileType = wrapper.framework; includeInIndex = 0; path = Pods_kd_study.framework; sourceTree = BUILT_PRODUCTS_DIR; };
		9874539544F6ED11A215E2C2 /* Pods-kd_study.release.xcconfig */ = {isa = PBXFileReference; includeInIndex = 1; lastKnownFileType = text.xcconfig; name = "Pods-kd_study.release.xcconfig"; path = "Pods/Target Support Files/Pods-kd_study/Pods-kd_study.release.xcconfig"; sourceTree = "<group>"; };
		C5B67A0C71109BD3C5ACE18D /* Pods-kd_studyUITests.debug.xcconfig */ = {isa = PBXFileReference; includeInIndex = 1; lastKnownFileType = text.xcconfig; name = "Pods-kd_studyUITests.debug.xcconfig"; path = "Pods/Target Support Files/Pods-kd_studyUITests/Pods-kd_studyUITests.debug.xcconfig"; sourceTree = "<group>"; };
		F5DDABCC7983CE0FE4CE5381 /* Pods-kd_studyTests.release.xcconfig */ = {isa = PBXFileReference; includeInIndex = 1; lastKnownFileType = text.xcconfig; name = "Pods-kd_studyTests.release.xcconfig"; path = "Pods/Target Support Files/Pods-kd_studyTests/Pods-kd_studyTests.release.xcconfig"; sourceTree = "<group>"; };
		F7471DB7B6EE81ECAF47A80A /* Pods_kd_studyUITests.framework */ = {isa = PBXFileReference; explicitFileType = wrapper.framework; includeInIndex = 0; path = Pods_kd_studyUITests.framework; sourceTree = BUILT_PRODUCTS_DIR; };
/* End PBXFileReference section */

/* Begin PBXFrameworksBuildPhase section */
		1EBA7A01212275C3008F518C /* Frameworks */ = {
			isa = PBXFrameworksBuildPhase;
			buildActionMask = 2147483647;
			files = (
				FFB1D2AF99AD86EB352B39DC /* Pods_kd_study.framework in Frameworks */,
			);
			runOnlyForDeploymentPostprocessing = 0;
		};
		1EBA7A19212275C4008F518C /* Frameworks */ = {
			isa = PBXFrameworksBuildPhase;
			buildActionMask = 2147483647;
			files = (
				8246D214DB75C23992B0D663 /* Pods_kd_studyTests.framework in Frameworks */,
			);
			runOnlyForDeploymentPostprocessing = 0;
		};
		1EBA7A24212275C4008F518C /* Frameworks */ = {
			isa = PBXFrameworksBuildPhase;
			buildActionMask = 2147483647;
			files = (
				EEA59CF16C480EBBBC288040 /* Pods_kd_studyUITests.framework in Frameworks */,
			);
			runOnlyForDeploymentPostprocessing = 0;
		};
/* End PBXFrameworksBuildPhase section */

/* Begin PBXGroup section */
		1E068754217B84A70005E4AF /* Archive */ = {
			isa = PBXGroup;
			children = (
				1E068755217B84B60005E4AF /* ArchiveTest.h */,
				1E068756217B84B60005E4AF /* ArchiveTest.m */,
			);
			path = Archive;
			sourceTree = "<group>";
		};
		1E15F84421251FCC00C9F734 /* Te */ = {
			isa = PBXGroup;
			children = (
				1E15F84521251FCC00C9F734 /* MyClass.swift */,
			);
			path = Te;
			sourceTree = "<group>";
		};
		1E1A89282122774B00CD33B5 /* Swift */ = {
			isa = PBXGroup;
			children = (
				1E15F84421251FCC00C9F734 /* Te */,
				1E15F84621251FCC00C9F734 /* EnumTest.swift */,
				1E15F84221251FCC00C9F734 /* Hello 2.swift */,
				1E15F84121251FCC00C9F734 /* MyView.swift */,
				1E15F84721251FCD00C9F734 /* RuntimeDemo.swift */,
				1E15F84821251FCD00C9F734 /* TestMethod.swift */,
				1E15F84921251FCD00C9F734 /* TestOperatorMethod.swift */,
				1E15F84021251FCC00C9F734 /* TestProtocol.swift */,
				1E15F83F21251FCC00C9F734 /* TestString.swift */,
				1E15F84321251FCC00C9F734 /* TestStruct.swift */,
				1E1A892B2122776F00CD33B5 /* Hello.swift */,
			);
			path = Swift;
			sourceTree = "<group>";
		};
		1E4BDF56217B78A4007E23ED /* Copy */ = {
			isa = PBXGroup;
			children = (
				1E4BDF57217B78C6007E23ED /* learn-copy.md */,
				1E4BDF58217B79A0007E23ED /* CopyTest.h */,
				1E4BDF59217B79A0007E23ED /* CopyTest.m */,
				1E79DAE0219D8A1A00867F1A /* CopyTest+Hello.h */,
				1E79DAE1219D8A1A00867F1A /* CopyTest+Hello.m */,
			);
			path = Copy;
			sourceTree = "<group>";
		};
		1E8E3C742122AC74001418E5 /* Resources */ = {
			isa = PBXGroup;
			children = (
				1E3739D121243166002C1352 /* Image.xcassets */,
				1E8E3C752122ACA4001418E5 /* 2.png */,
			);
			path = Resources;
			sourceTree = "<group>";
		};
		1EB4122421C4DBDC00EEFECB /* runtime */ = {
			isa = PBXGroup;
			children = (
				1EBF65A221C73762000D92ED /* class */,
				1EB4125B21C4DC0300EEFECB /* KDUtil.h */,
				1EB4125C21C4DC0300EEFECB /* KDUtil.m */,
				1EB4123C21C4DBDC00EEFECB /* RuntimeDemo.h */,
				1EB4124921C4DBDC00EEFECB /* RuntimeDemo.m */,
				1EB4122521C4DBDC00EEFECB /* test */,
				1EB4123D21C4DBDC00EEFECB /* superClass */,
				1EB4124221C4DBDC00EEFECB /* hello */,
				1EB4124621C4DBDC00EEFECB /* arc */,
			);
			path = runtime;
			sourceTree = "<group>";
		};
		1EB4122521C4DBDC00EEFECB /* test */ = {
			isa = PBXGroup;
			children = (
				1EB4122621C4DBDC00EEFECB /* TestAssociateObj.h */,
				1EB4122721C4DBDC00EEFECB /* TestMethod.m */,
				1EB4122821C4DBDC00EEFECB /* TestObjc.h */,
				1EB4122921C4DBDC00EEFECB /* TestProperty.m */,
				1EB4122A21C4DBDC00EEFECB /* TestBlock.h */,
				1EB4122B21C4DBDC00EEFECB /* TestClass.h */,
				1EB4122C21C4DBDC00EEFECB /* TestLibrary.m */,
				1EB4122D21C4DBDC00EEFECB /* TestWeak.m */,
				1EB4122E21C4DBDC00EEFECB /* TestSelector.h */,
				1EB4122F21C4DBDC00EEFECB /* TestIVar.h */,
				1EB4123021C4DBDC00EEFECB /* TestProtocol.h */,
				1EB4123121C4DBDC00EEFECB /* TestMethod.h */,
				1EB4123221C4DBDC00EEFECB /* TestAssociateObj.m */,
				1EB4123321C4DBDC00EEFECB /* TestClass.m */,
				1EB4123421C4DBDC00EEFECB /* TestBlock.m */,
				1EB4123521C4DBDC00EEFECB /* TestProperty.h */,
				1EB4123621C4DBDC00EEFECB /* TestObjc.m */,
				1EB4123721C4DBDC00EEFECB /* TestWeak.h */,
				1EB4123821C4DBDC00EEFECB /* TestLibrary.h */,
				1EB4123921C4DBDC00EEFECB /* TestProtocol.m */,
				1EB4123A21C4DBDC00EEFECB /* TestSelector.m */,
				1EB4123B21C4DBDC00EEFECB /* TestIVar.m */,
			);
			path = test;
			sourceTree = "<group>";
		};
		1EB4123D21C4DBDC00EEFECB /* superClass */ = {
			isa = PBXGroup;
			children = (
				1EB4123E21C4DBDC00EEFECB /* SubClass.m */,
				1EB4123F21C4DBDC00EEFECB /* SuperClass.h */,
				1EB4124021C4DBDC00EEFECB /* SuperClass.mm */,
				1EB4124121C4DBDC00EEFECB /* SubClass.h */,
			);
			path = superClass;
			sourceTree = "<group>";
		};
		1EB4124221C4DBDC00EEFECB /* hello */ = {
			isa = PBXGroup;
			children = (
				1EB4124321C4DBDC00EEFECB /* hello.m */,
				1EB4124521C4DBDC00EEFECB /* hello.h */,
			);
			path = hello;
			sourceTree = "<group>";
		};
		1EB4124621C4DBDC00EEFECB /* arc */ = {
			isa = PBXGroup;
			children = (
				1EB4124721C4DBDC00EEFECB /* TestTaggedPointer.m */,
				1EB4124821C4DBDC00EEFECB /* TestTaggedPointer.h */,
			);
			path = arc;
			sourceTree = "<group>";
		};
		1EBA79FB212275C3008F518C = {
			isa = PBXGroup;
			children = (
				1EBA7A06212275C3008F518C /* kd_study */,
				1EBA7A1F212275C4008F518C /* kd_studyTests */,
				1EBA7A2A212275C4008F518C /* kd_studyUITests */,
				1EBA7A05212275C3008F518C /* Products */,
				2F3318AD3ACB1FF05B95F8EB /* Pods */,
				258A59C9F2ED5FF56429E10C /* Frameworks */,
			);
			sourceTree = "<group>";
		};
		1EBA7A05212275C3008F518C /* Products */ = {
			isa = PBXGroup;
			children = (
				1EBA7A04212275C3008F518C /* kd_study.app */,
				1EBA7A1C212275C4008F518C /* kd_studyTests.xctest */,
				1EBA7A27212275C4008F518C /* kd_studyUITests.xctest */,
			);
			name = Products;
			sourceTree = "<group>";
		};
		1EBA7A06212275C3008F518C /* kd_study */ = {
			isa = PBXGroup;
			children = (
				1EB4122421C4DBDC00EEFECB /* runtime */,
				1EDB046E217708CF0039A010 /* basic */,
				1E8E3C742122AC74001418E5 /* Resources */,
				1E1A89282122774B00CD33B5 /* Swift */,
				1EBA7A07212275C3008F518C /* AppDelegate.h */,
				1EBA7A08212275C3008F518C /* AppDelegate.m */,
				1EBA7A0A212275C3008F518C /* ViewController.h */,
				1EBA7A0B212275C3008F518C /* ViewController.m */,
				1EBA7A0D212275C3008F518C /* Main.storyboard */,
				1EBA7A10212275C4008F518C /* Assets.xcassets */,
				1EBA7A12212275C4008F518C /* LaunchScreen.storyboard */,
				1EBA7A15212275C4008F518C /* Info.plist */,
				1EBA7A16212275C4008F518C /* main.m */,
				1E1A892A2122776F00CD33B5 /* kd_study-Bridging-Header.h */,
				1E4292C3219C275C00B0A825 /* LastResponder.h */,
				1E4292C4219C275C00B0A825 /* LastResponder.m */,
			);
			path = kd_study;
			sourceTree = "<group>";
		};
		1EBA7A1F212275C4008F518C /* kd_studyTests */ = {
			isa = PBXGroup;
			children = (
				1EBA7A20212275C4008F518C /* kd_studyTests.m */,
				1EBA7A22212275C4008F518C /* Info.plist */,
			);
			path = kd_studyTests;
			sourceTree = "<group>";
		};
		1EBA7A2A212275C4008F518C /* kd_studyUITests */ = {
			isa = PBXGroup;
			children = (
				1EBA7A2B212275C4008F518C /* kd_studyUITests.m */,
				1EBA7A2D212275C4008F518C /* Info.plist */,
			);
			path = kd_studyUITests;
			sourceTree = "<group>";
		};
		1EBF65A221C73762000D92ED /* class */ = {
			isa = PBXGroup;
			children = (
				1EBF65A321C73762000D92ED /* RuntimeTest2.h */,
				1EBF65A421C73762000D92ED /* RuntimeTest.h */,
				1EBF65A521C73762000D92ED /* MyClass.h */,
				1EBF65A621C73762000D92ED /* RuntimeTest2.m */,
				1EBF65A721C73762000D92ED /* MyClass.m */,
				1EBF65A821C73762000D92ED /* RuntimeTest.m */,
			);
			path = class;
			sourceTree = "<group>";
		};
		1EDB046E217708CF0039A010 /* basic */ = {
			isa = PBXGroup;
			children = (
				1E068754217B84A70005E4AF /* Archive */,
				1E4BDF56217B78A4007E23ED /* Copy */,
				1EDB0470217708EA0039A010 /* RunLoopTest.h */,
				1EDB046F217708EA0039A010 /* RunLoopTest.m */,
				1E6FBD06217741E100876206 /* DispatchTest.h */,
				1E6FBD07217741E100876206 /* DispatchTest.m */,
				1E0F59E9219BCA150021B979 /* KDLockTest.h */,
				1E0F59EA219BCA150021B979 /* KDLockTest.m */,
			);
			path = basic;
			sourceTree = "<group>";
		};
		258A59C9F2ED5FF56429E10C /* Frameworks */ = {
			isa = PBXGroup;
			children = (
				639C7873E6E78DCC99A5E793 /* Pods_kd_study.framework */,
				26FEEF1B482DC0D3D398C81F /* Pods_kd_studyTests.framework */,
				F7471DB7B6EE81ECAF47A80A /* Pods_kd_studyUITests.framework */,
			);
			name = Frameworks;
			sourceTree = "<group>";
		};
		2F3318AD3ACB1FF05B95F8EB /* Pods */ = {
			isa = PBXGroup;
			children = (
				1F367A38356B747035017796 /* Pods-kd_study.debug.xcconfig */,
				9874539544F6ED11A215E2C2 /* Pods-kd_study.release.xcconfig */,
				62E80E13184272A6C70C0F5B /* Pods-kd_studyTests.debug.xcconfig */,
				F5DDABCC7983CE0FE4CE5381 /* Pods-kd_studyTests.release.xcconfig */,
				C5B67A0C71109BD3C5ACE18D /* Pods-kd_studyUITests.debug.xcconfig */,
				55A84C2461E7402BBE83A17A /* Pods-kd_studyUITests.release.xcconfig */,
			);
			name = Pods;
			sourceTree = "<group>";
		};
/* End PBXGroup section */

/* Begin PBXNativeTarget section */
		1EBA7A03212275C3008F518C /* kd_study */ = {
			isa = PBXNativeTarget;
			buildConfigurationList = 1EBA7A30212275C4008F518C /* Build configuration list for PBXNativeTarget "kd_study" */;
			buildPhases = (
				4C3CBA3E99831B71F6CE8B8A /* [CP] Check Pods Manifest.lock */,
				1EBA7A00212275C3008F518C /* Sources */,
				1EBA7A01212275C3008F518C /* Frameworks */,
				1EBA7A02212275C3008F518C /* Resources */,
				1D8BAAC27AC86BB9DFB1BE29 /* [CP] Embed Pods Frameworks */,
			);
			buildRules = (
			);
			dependencies = (
			);
			name = kd_study;
			productName = kd_study;
			productReference = 1EBA7A04212275C3008F518C /* kd_study.app */;
			productType = "com.apple.product-type.application";
		};
		1EBA7A1B212275C4008F518C /* kd_studyTests */ = {
			isa = PBXNativeTarget;
			buildConfigurationList = 1EBA7A33212275C4008F518C /* Build configuration list for PBXNativeTarget "kd_studyTests" */;
			buildPhases = (
				689FC82B1097B67DC5D73D7B /* [CP] Check Pods Manifest.lock */,
				1EBA7A18212275C4008F518C /* Sources */,
				1EBA7A19212275C4008F518C /* Frameworks */,
				1EBA7A1A212275C4008F518C /* Resources */,
			);
			buildRules = (
			);
			dependencies = (
				1EBA7A1E212275C4008F518C /* PBXTargetDependency */,
			);
			name = kd_studyTests;
			productName = kd_studyTests;
			productReference = 1EBA7A1C212275C4008F518C /* kd_studyTests.xctest */;
			productType = "com.apple.product-type.bundle.unit-test";
		};
		1EBA7A26212275C4008F518C /* kd_studyUITests */ = {
			isa = PBXNativeTarget;
			buildConfigurationList = 1EBA7A36212275C4008F518C /* Build configuration list for PBXNativeTarget "kd_studyUITests" */;
			buildPhases = (
				96B1A9E90B4AF6AFA52BE18E /* [CP] Check Pods Manifest.lock */,
				1EBA7A23212275C4008F518C /* Sources */,
				1EBA7A24212275C4008F518C /* Frameworks */,
				1EBA7A25212275C4008F518C /* Resources */,
			);
			buildRules = (
			);
			dependencies = (
				1EBA7A29212275C4008F518C /* PBXTargetDependency */,
			);
			name = kd_studyUITests;
			productName = kd_studyUITests;
			productReference = 1EBA7A27212275C4008F518C /* kd_studyUITests.xctest */;
			productType = "com.apple.product-type.bundle.ui-testing";
		};
/* End PBXNativeTarget section */

/* Begin PBXProject section */
		1EBA79FC212275C3008F518C /* Project object */ = {
			isa = PBXProject;
			attributes = {
				LastUpgradeCheck = 0940;
				ORGANIZATIONNAME = hour;
				TargetAttributes = {
					1EBA7A03212275C3008F518C = {
						CreatedOnToolsVersion = 9.4.1;
						LastSwiftMigration = 1000;
					};
					1EBA7A1B212275C4008F518C = {
						CreatedOnToolsVersion = 9.4.1;
						TestTargetID = 1EBA7A03212275C3008F518C;
					};
					1EBA7A26212275C4008F518C = {
						CreatedOnToolsVersion = 9.4.1;
						TestTargetID = 1EBA7A03212275C3008F518C;
					};
				};
			};
			buildConfigurationList = 1EBA79FF212275C3008F518C /* Build configuration list for PBXProject "kd_study" */;
			compatibilityVersion = "Xcode 9.3";
			developmentRegion = en;
			hasScannedForEncodings = 0;
			knownRegions = (
				en,
				Base,
			);
			mainGroup = 1EBA79FB212275C3008F518C;
			productRefGroup = 1EBA7A05212275C3008F518C /* Products */;
			projectDirPath = "";
			projectRoot = "";
			targets = (
				1EBA7A03212275C3008F518C /* kd_study */,
				1EBA7A1B212275C4008F518C /* kd_studyTests */,
				1EBA7A26212275C4008F518C /* kd_studyUITests */,
			);
		};
/* End PBXProject section */

/* Begin PBXResourcesBuildPhase section */
		1EBA7A02212275C3008F518C /* Resources */ = {
			isa = PBXResourcesBuildPhase;
			buildActionMask = 2147483647;
			files = (
				1EBA7A14212275C4008F518C /* LaunchScreen.storyboard in Resources */,
				1EBA7A11212275C4008F518C /* Assets.xcassets in Resources */,
				1E3739D221243166002C1352 /* Image.xcassets in Resources */,
				1E8E3C762122ACA4001418E5 /* 2.png in Resources */,
				1EBA7A0F212275C3008F518C /* Main.storyboard in Resources */,
			);
			runOnlyForDeploymentPostprocessing = 0;
		};
		1EBA7A1A212275C4008F518C /* Resources */ = {
			isa = PBXResourcesBuildPhase;
			buildActionMask = 2147483647;
			files = (
			);
			runOnlyForDeploymentPostprocessing = 0;
		};
		1EBA7A25212275C4008F518C /* Resources */ = {
			isa = PBXResourcesBuildPhase;
			buildActionMask = 2147483647;
			files = (
			);
			runOnlyForDeploymentPostprocessing = 0;
		};
/* End PBXResourcesBuildPhase section */

/* Begin PBXShellScriptBuildPhase section */
		1D8BAAC27AC86BB9DFB1BE29 /* [CP] Embed Pods Frameworks */ = {
			isa = PBXShellScriptBuildPhase;
			buildActionMask = 2147483647;
			files = (
			);
			inputFileListPaths = (
			);
			inputPaths = (
				"${SRCROOT}/Pods/Target Support Files/Pods-kd_study/Pods-kd_study-frameworks.sh",
				"${BUILT_PRODUCTS_DIR}/AFNetworking/AFNetworking.framework",
				"${BUILT_PRODUCTS_DIR}/Differentiator/Differentiator.framework",
				"${BUILT_PRODUCTS_DIR}/Masonry/Masonry.framework",
				"${BUILT_PRODUCTS_DIR}/RxAtomic/RxAtomic.framework",
				"${BUILT_PRODUCTS_DIR}/RxCocoa/RxCocoa.framework",
				"${BUILT_PRODUCTS_DIR}/RxDataSources/RxDataSources.framework",
				"${BUILT_PRODUCTS_DIR}/RxSwift/RxSwift.framework",
				"${BUILT_PRODUCTS_DIR}/SnapKit/SnapKit.framework",
				"${BUILT_PRODUCTS_DIR}/pop/pop.framework",
			);
			name = "[CP] Embed Pods Frameworks";
			outputFileListPaths = (
			);
			outputPaths = (
				"${TARGET_BUILD_DIR}/${FRAMEWORKS_FOLDER_PATH}/AFNetworking.framework",
				"${TARGET_BUILD_DIR}/${FRAMEWORKS_FOLDER_PATH}/Differentiator.framework",
				"${TARGET_BUILD_DIR}/${FRAMEWORKS_FOLDER_PATH}/Masonry.framework",
				"${TARGET_BUILD_DIR}/${FRAMEWORKS_FOLDER_PATH}/RxAtomic.framework",
				"${TARGET_BUILD_DIR}/${FRAMEWORKS_FOLDER_PATH}/RxCocoa.framework",
				"${TARGET_BUILD_DIR}/${FRAMEWORKS_FOLDER_PATH}/RxDataSources.framework",
				"${TARGET_BUILD_DIR}/${FRAMEWORKS_FOLDER_PATH}/RxSwift.framework",
				"${TARGET_BUILD_DIR}/${FRAMEWORKS_FOLDER_PATH}/SnapKit.framework",
				"${TARGET_BUILD_DIR}/${FRAMEWORKS_FOLDER_PATH}/pop.framework",
			);
			runOnlyForDeploymentPostprocessing = 0;
			shellPath = /bin/sh;
			shellScript = "\"${SRCROOT}/Pods/Target Support Files/Pods-kd_study/Pods-kd_study-frameworks.sh\"\n";
			showEnvVarsInLog = 0;
		};
		4C3CBA3E99831B71F6CE8B8A /* [CP] Check Pods Manifest.lock */ = {
			isa = PBXShellScriptBuildPhase;
			buildActionMask = 2147483647;
			files = (
			);
			inputPaths = (
				"${PODS_PODFILE_DIR_PATH}/Podfile.lock",
				"${PODS_ROOT}/Manifest.lock",
			);
			name = "[CP] Check Pods Manifest.lock";
			outputPaths = (
				"$(DERIVED_FILE_DIR)/Pods-kd_study-checkManifestLockResult.txt",
			);
			runOnlyForDeploymentPostprocessing = 0;
			shellPath = /bin/sh;
			shellScript = "diff \"${PODS_PODFILE_DIR_PATH}/Podfile.lock\" \"${PODS_ROOT}/Manifest.lock\" > /dev/null\nif [ $? != 0 ] ; then\n    # print error to STDERR\n    echo \"error: The sandbox is not in sync with the Podfile.lock. Run 'pod install' or update your CocoaPods installation.\" >&2\n    exit 1\nfi\n# This output is used by Xcode 'outputs' to avoid re-running this script phase.\necho \"SUCCESS\" > \"${SCRIPT_OUTPUT_FILE_0}\"\n";
			showEnvVarsInLog = 0;
		};
		689FC82B1097B67DC5D73D7B /* [CP] Check Pods Manifest.lock */ = {
			isa = PBXShellScriptBuildPhase;
			buildActionMask = 2147483647;
			files = (
			);
			inputPaths = (
				"${PODS_PODFILE_DIR_PATH}/Podfile.lock",
				"${PODS_ROOT}/Manifest.lock",
			);
			name = "[CP] Check Pods Manifest.lock";
			outputPaths = (
				"$(DERIVED_FILE_DIR)/Pods-kd_studyTests-checkManifestLockResult.txt",
			);
			runOnlyForDeploymentPostprocessing = 0;
			shellPath = /bin/sh;
			shellScript = "diff \"${PODS_PODFILE_DIR_PATH}/Podfile.lock\" \"${PODS_ROOT}/Manifest.lock\" > /dev/null\nif [ $? != 0 ] ; then\n    # print error to STDERR\n    echo \"error: The sandbox is not in sync with the Podfile.lock. Run 'pod install' or update your CocoaPods installation.\" >&2\n    exit 1\nfi\n# This output is used by Xcode 'outputs' to avoid re-running this script phase.\necho \"SUCCESS\" > \"${SCRIPT_OUTPUT_FILE_0}\"\n";
			showEnvVarsInLog = 0;
		};
		96B1A9E90B4AF6AFA52BE18E /* [CP] Check Pods Manifest.lock */ = {
			isa = PBXShellScriptBuildPhase;
			buildActionMask = 2147483647;
			files = (
			);
			inputPaths = (
				"${PODS_PODFILE_DIR_PATH}/Podfile.lock",
				"${PODS_ROOT}/Manifest.lock",
			);
			name = "[CP] Check Pods Manifest.lock";
			outputPaths = (
				"$(DERIVED_FILE_DIR)/Pods-kd_studyUITests-checkManifestLockResult.txt",
			);
			runOnlyForDeploymentPostprocessing = 0;
			shellPath = /bin/sh;
			shellScript = "diff \"${PODS_PODFILE_DIR_PATH}/Podfile.lock\" \"${PODS_ROOT}/Manifest.lock\" > /dev/null\nif [ $? != 0 ] ; then\n    # print error to STDERR\n    echo \"error: The sandbox is not in sync with the Podfile.lock. Run 'pod install' or update your CocoaPods installation.\" >&2\n    exit 1\nfi\n# This output is used by Xcode 'outputs' to avoid re-running this script phase.\necho \"SUCCESS\" > \"${SCRIPT_OUTPUT_FILE_0}\"\n";
			showEnvVarsInLog = 0;
		};
/* End PBXShellScriptBuildPhase section */

/* Begin PBXSourcesBuildPhase section */
		1EBA7A00212275C3008F518C /* Sources */ = {
			isa = PBXSourcesBuildPhase;
			buildActionMask = 2147483647;
			files = (
				1EB4125521C4DBDC00EEFECB /* SubClass.m in Sources */,
				1EBA7A0C212275C3008F518C /* ViewController.m in Sources */,
				1E15F84C21251FCD00C9F734 /* MyView.swift in Sources */,
				1E15F85321251FCD00C9F734 /* TestOperatorMethod.swift in Sources */,
				1EBF65AB21C73762000D92ED /* RuntimeTest.m in Sources */,
				1E4292C5219C275C00B0A825 /* LastResponder.m in Sources */,
				1E15F84A21251FCD00C9F734 /* TestString.swift in Sources */,
				1EB4125021C4DBDC00EEFECB /* TestBlock.m in Sources */,
				1E15F84D21251FCD00C9F734 /* Hello 2.swift in Sources */,
				1E15F85021251FCD00C9F734 /* EnumTest.swift in Sources */,
				1EBF65AA21C73762000D92ED /* MyClass.m in Sources */,
				1E15F84B21251FCD00C9F734 /* TestProtocol.swift in Sources */,
				1E4BDF5A217B79A0007E23ED /* CopyTest.m in Sources */,
				1EBA7A17212275C4008F518C /* main.m in Sources */,
				1EB4125321C4DBDC00EEFECB /* TestSelector.m in Sources */,
				1EB4124A21C4DBDC00EEFECB /* TestMethod.m in Sources */,
				1E0F59EB219BCA150021B979 /* KDLockTest.m in Sources */,
				1EB4125221C4DBDC00EEFECB /* TestProtocol.m in Sources */,
				1EB4125621C4DBDC00EEFECB /* SuperClass.mm in Sources */,
				1EB4124F21C4DBDC00EEFECB /* TestClass.m in Sources */,
				1E15F84F21251FCD00C9F734 /* MyClass.swift in Sources */,
				1EB4124C21C4DBDC00EEFECB /* TestLibrary.m in Sources */,
				1EB4125921C4DBDC00EEFECB /* TestTaggedPointer.m in Sources */,
				1E6FBD08217741E100876206 /* DispatchTest.m in Sources */,
				1E15F84E21251FCD00C9F734 /* TestStruct.swift in Sources */,
				1EDB0471217708EA0039A010 /* RunLoopTest.m in Sources */,
				1E1A892C2122776F00CD33B5 /* Hello.swift in Sources */,
				1EB4125D21C4DC0300EEFECB /* KDUtil.m in Sources */,
				1E15F85221251FCD00C9F734 /* TestMethod.swift in Sources */,
				1EB4125421C4DBDC00EEFECB /* TestIVar.m in Sources */,
				1EBF65A921C73762000D92ED /* RuntimeTest2.m in Sources */,
				1E15F85121251FCD00C9F734 /* RuntimeDemo.swift in Sources */,
				1EB4124E21C4DBDC00EEFECB /* TestAssociateObj.m in Sources */,
				1EB4125121C4DBDC00EEFECB /* TestObjc.m in Sources */,
				1E068757217B84B60005E4AF /* ArchiveTest.m in Sources */,
				1EB4125721C4DBDC00EEFECB /* hello.m in Sources */,
				1EB4125A21C4DBDC00EEFECB /* RuntimeDemo.m in Sources */,
				1E79DAE2219D8A1A00867F1A /* CopyTest+Hello.m in Sources */,
				1EB4124D21C4DBDC00EEFECB /* TestWeak.m in Sources */,
				1EBA7A09212275C3008F518C /* AppDelegate.m in Sources */,
				1EB4124B21C4DBDC00EEFECB /* TestProperty.m in Sources */,
			);
			runOnlyForDeploymentPostprocessing = 0;
		};
		1EBA7A18212275C4008F518C /* Sources */ = {
			isa = PBXSourcesBuildPhase;
			buildActionMask = 2147483647;
			files = (
				1EBA7A21212275C4008F518C /* kd_studyTests.m in Sources */,
			);
			runOnlyForDeploymentPostprocessing = 0;
		};
		1EBA7A23212275C4008F518C /* Sources */ = {
			isa = PBXSourcesBuildPhase;
			buildActionMask = 2147483647;
			files = (
				1EBA7A2C212275C4008F518C /* kd_studyUITests.m in Sources */,
			);
			runOnlyForDeploymentPostprocessing = 0;
		};
/* End PBXSourcesBuildPhase section */

/* Begin PBXTargetDependency section */
		1EBA7A1E212275C4008F518C /* PBXTargetDependency */ = {
			isa = PBXTargetDependency;
			target = 1EBA7A03212275C3008F518C /* kd_study */;
			targetProxy = 1EBA7A1D212275C4008F518C /* PBXContainerItemProxy */;
		};
		1EBA7A29212275C4008F518C /* PBXTargetDependency */ = {
			isa = PBXTargetDependency;
			target = 1EBA7A03212275C3008F518C /* kd_study */;
			targetProxy = 1EBA7A28212275C4008F518C /* PBXContainerItemProxy */;
		};
/* End PBXTargetDependency section */

/* Begin PBXVariantGroup section */
		1EBA7A0D212275C3008F518C /* Main.storyboard */ = {
			isa = PBXVariantGroup;
			children = (
				1EBA7A0E212275C3008F518C /* Base */,
			);
			name = Main.storyboard;
			sourceTree = "<group>";
		};
		1EBA7A12212275C4008F518C /* LaunchScreen.storyboard */ = {
			isa = PBXVariantGroup;
			children = (
				1EBA7A13212275C4008F518C /* Base */,
			);
			name = LaunchScreen.storyboard;
			sourceTree = "<group>";
		};
/* End PBXVariantGroup section */

/* Begin XCBuildConfiguration section */
		1EBA7A2E212275C4008F518C /* Debug */ = {
			isa = XCBuildConfiguration;
			buildSettings = {
				ALWAYS_SEARCH_USER_PATHS = NO;
				CLANG_ANALYZER_NONNULL = YES;
				CLANG_ANALYZER_NUMBER_OBJECT_CONVERSION = YES_AGGRESSIVE;
				CLANG_CXX_LANGUAGE_STANDARD = "gnu++14";
				CLANG_CXX_LIBRARY = "libc++";
				CLANG_ENABLE_MODULES = YES;
				CLANG_ENABLE_OBJC_ARC = YES;
				CLANG_ENABLE_OBJC_WEAK = YES;
				CLANG_WARN_BLOCK_CAPTURE_AUTORELEASING = YES;
				CLANG_WARN_BOOL_CONVERSION = YES;
				CLANG_WARN_COMMA = YES;
				CLANG_WARN_CONSTANT_CONVERSION = YES;
				CLANG_WARN_DEPRECATED_OBJC_IMPLEMENTATIONS = YES;
				CLANG_WARN_DIRECT_OBJC_ISA_USAGE = YES_ERROR;
				CLANG_WARN_DOCUMENTATION_COMMENTS = YES;
				CLANG_WARN_EMPTY_BODY = YES;
				CLANG_WARN_ENUM_CONVERSION = YES;
				CLANG_WARN_INFINITE_RECURSION = YES;
				CLANG_WARN_INT_CONVERSION = YES;
				CLANG_WARN_NON_LITERAL_NULL_CONVERSION = YES;
				CLANG_WARN_OBJC_IMPLICIT_RETAIN_SELF = YES;
				CLANG_WARN_OBJC_LITERAL_CONVERSION = YES;
				CLANG_WARN_OBJC_ROOT_CLASS = YES_ERROR;
				CLANG_WARN_RANGE_LOOP_ANALYSIS = YES;
				CLANG_WARN_STRICT_PROTOTYPES = YES;
				CLANG_WARN_SUSPICIOUS_MOVE = YES;
				CLANG_WARN_UNGUARDED_AVAILABILITY = YES_AGGRESSIVE;
				CLANG_WARN_UNREACHABLE_CODE = YES;
				CLANG_WARN__DUPLICATE_METHOD_MATCH = YES;
				CODE_SIGN_IDENTITY = "iPhone Developer";
				COPY_PHASE_STRIP = NO;
				DEBUG_INFORMATION_FORMAT = dwarf;
				ENABLE_STRICT_OBJC_MSGSEND = YES;
				ENABLE_TESTABILITY = YES;
				GCC_C_LANGUAGE_STANDARD = gnu11;
				GCC_DYNAMIC_NO_PIC = NO;
				GCC_NO_COMMON_BLOCKS = YES;
				GCC_OPTIMIZATION_LEVEL = 0;
				GCC_PREPROCESSOR_DEFINITIONS = (
					"DEBUG=1",
					"$(inherited)",
				);
				GCC_WARN_64_TO_32_BIT_CONVERSION = YES;
				GCC_WARN_ABOUT_RETURN_TYPE = YES_ERROR;
				GCC_WARN_UNDECLARED_SELECTOR = YES;
				GCC_WARN_UNINITIALIZED_AUTOS = YES_AGGRESSIVE;
				GCC_WARN_UNUSED_FUNCTION = YES;
				GCC_WARN_UNUSED_VARIABLE = YES;
				IPHONEOS_DEPLOYMENT_TARGET = 11.4;
				MTL_ENABLE_DEBUG_INFO = YES;
				ONLY_ACTIVE_ARCH = YES;
				SDKROOT = iphoneos;
			};
			name = Debug;
		};
		1EBA7A2F212275C4008F518C /* Release */ = {
			isa = XCBuildConfiguration;
			buildSettings = {
				ALWAYS_SEARCH_USER_PATHS = NO;
				CLANG_ANALYZER_NONNULL = YES;
				CLANG_ANALYZER_NUMBER_OBJECT_CONVERSION = YES_AGGRESSIVE;
				CLANG_CXX_LANGUAGE_STANDARD = "gnu++14";
				CLANG_CXX_LIBRARY = "libc++";
				CLANG_ENABLE_MODULES = YES;
				CLANG_ENABLE_OBJC_ARC = YES;
				CLANG_ENABLE_OBJC_WEAK = YES;
				CLANG_WARN_BLOCK_CAPTURE_AUTORELEASING = YES;
				CLANG_WARN_BOOL_CONVERSION = YES;
				CLANG_WARN_COMMA = YES;
				CLANG_WARN_CONSTANT_CONVERSION = YES;
				CLANG_WARN_DEPRECATED_OBJC_IMPLEMENTATIONS = YES;
				CLANG_WARN_DIRECT_OBJC_ISA_USAGE = YES_ERROR;
				CLANG_WARN_DOCUMENTATION_COMMENTS = YES;
				CLANG_WARN_EMPTY_BODY = YES;
				CLANG_WARN_ENUM_CONVERSION = YES;
				CLANG_WARN_INFINITE_RECURSION = YES;
				CLANG_WARN_INT_CONVERSION = YES;
				CLANG_WARN_NON_LITERAL_NULL_CONVERSION = YES;
				CLANG_WARN_OBJC_IMPLICIT_RETAIN_SELF = YES;
				CLANG_WARN_OBJC_LITERAL_CONVERSION = YES;
				CLANG_WARN_OBJC_ROOT_CLASS = YES_ERROR;
				CLANG_WARN_RANGE_LOOP_ANALYSIS = YES;
				CLANG_WARN_STRICT_PROTOTYPES = YES;
				CLANG_WARN_SUSPICIOUS_MOVE = YES;
				CLANG_WARN_UNGUARDED_AVAILABILITY = YES_AGGRESSIVE;
				CLANG_WARN_UNREACHABLE_CODE = YES;
				CLANG_WARN__DUPLICATE_METHOD_MATCH = YES;
				CODE_SIGN_IDENTITY = "iPhone Developer";
				COPY_PHASE_STRIP = NO;
				DEBUG_INFORMATION_FORMAT = "dwarf-with-dsym";
				ENABLE_NS_ASSERTIONS = NO;
				ENABLE_STRICT_OBJC_MSGSEND = YES;
				GCC_C_LANGUAGE_STANDARD = gnu11;
				GCC_NO_COMMON_BLOCKS = YES;
				GCC_WARN_64_TO_32_BIT_CONVERSION = YES;
				GCC_WARN_ABOUT_RETURN_TYPE = YES_ERROR;
				GCC_WARN_UNDECLARED_SELECTOR = YES;
				GCC_WARN_UNINITIALIZED_AUTOS = YES_AGGRESSIVE;
				GCC_WARN_UNUSED_FUNCTION = YES;
				GCC_WARN_UNUSED_VARIABLE = YES;
				IPHONEOS_DEPLOYMENT_TARGET = 11.4;
				MTL_ENABLE_DEBUG_INFO = NO;
				SDKROOT = iphoneos;
				VALIDATE_PRODUCT = YES;
			};
			name = Release;
		};
		1EBA7A31212275C4008F518C /* Debug */ = {
			isa = XCBuildConfiguration;
			baseConfigurationReference = 1F367A38356B747035017796 /* Pods-kd_study.debug.xcconfig */;
			buildSettings = {
				ASSETCATALOG_COMPILER_APPICON_NAME = AppIcon;
				CLANG_ENABLE_MODULES = YES;
				CODE_SIGN_STYLE = Manual;
				DEVELOPMENT_TEAM = 8M8Y7973D3;
				INFOPLIST_FILE = kd_study/Info.plist;
				IPHONEOS_DEPLOYMENT_TARGET = 9.0;
				LD_RUNPATH_SEARCH_PATHS = (
					"$(inherited)",
					"@executable_path/Frameworks",
				);
				PRODUCT_BUNDLE_IDENTIFIER = com.kdweibo.client;
				PRODUCT_NAME = "$(TARGET_NAME)";
				PROVISIONING_PROFILE = "606c668b-fc10-49c8-9212-e56e25800b21";
				PROVISIONING_PROFILE_SPECIFIER = "KDWeiboClient Dev";
				SWIFT_OBJC_BRIDGING_HEADER = "kd_study/kd_study-Bridging-Header.h";
				SWIFT_OPTIMIZATION_LEVEL = "-Onone";
				SWIFT_VERSION = 4.0;
				TARGETED_DEVICE_FAMILY = "1,2";
			};
			name = Debug;
		};
		1EBA7A32212275C4008F518C /* Release */ = {
			isa = XCBuildConfiguration;
			baseConfigurationReference = 9874539544F6ED11A215E2C2 /* Pods-kd_study.release.xcconfig */;
			buildSettings = {
				ASSETCATALOG_COMPILER_APPICON_NAME = AppIcon;
				CLANG_ENABLE_MODULES = YES;
				CODE_SIGN_STYLE = Manual;
				DEVELOPMENT_TEAM = "";
				INFOPLIST_FILE = kd_study/Info.plist;
				IPHONEOS_DEPLOYMENT_TARGET = 9.0;
				LD_RUNPATH_SEARCH_PATHS = (
					"$(inherited)",
					"@executable_path/Frameworks",
				);
				PRODUCT_BUNDLE_IDENTIFIER = com.kdweibo.client;
				PRODUCT_NAME = "$(TARGET_NAME)";
				PROVISIONING_PROFILE_SPECIFIER = "";
				SWIFT_OBJC_BRIDGING_HEADER = "kd_study/kd_study-Bridging-Header.h";
				SWIFT_VERSION = 4.0;
				TARGETED_DEVICE_FAMILY = "1,2";
			};
			name = Release;
		};
		1EBA7A34212275C4008F518C /* Debug */ = {
			isa = XCBuildConfiguration;
			baseConfigurationReference = 62E80E13184272A6C70C0F5B /* Pods-kd_studyTests.debug.xcconfig */;
			buildSettings = {
				ALWAYS_EMBED_SWIFT_STANDARD_LIBRARIES = YES;
				BUNDLE_LOADER = "$(TEST_HOST)";
				CODE_SIGN_STYLE = Automatic;
				INFOPLIST_FILE = kd_studyTests/Info.plist;
				LD_RUNPATH_SEARCH_PATHS = (
					"$(inherited)",
					"@executable_path/Frameworks",
					"@loader_path/Frameworks",
				);
				PRODUCT_BUNDLE_IDENTIFIER = "com.kdtest.kd-studyTests";
				PRODUCT_NAME = "$(TARGET_NAME)";
				TARGETED_DEVICE_FAMILY = "1,2";
				TEST_HOST = "$(BUILT_PRODUCTS_DIR)/kd_study.app/kd_study";
			};
			name = Debug;
		};
		1EBA7A35212275C4008F518C /* Release */ = {
			isa = XCBuildConfiguration;
			baseConfigurationReference = F5DDABCC7983CE0FE4CE5381 /* Pods-kd_studyTests.release.xcconfig */;
			buildSettings = {
				ALWAYS_EMBED_SWIFT_STANDARD_LIBRARIES = YES;
				BUNDLE_LOADER = "$(TEST_HOST)";
				CODE_SIGN_STYLE = Automatic;
				INFOPLIST_FILE = kd_studyTests/Info.plist;
				LD_RUNPATH_SEARCH_PATHS = (
					"$(inherited)",
					"@executable_path/Frameworks",
					"@loader_path/Frameworks",
				);
				PRODUCT_BUNDLE_IDENTIFIER = "com.kdtest.kd-studyTests";
				PRODUCT_NAME = "$(TARGET_NAME)";
				TARGETED_DEVICE_FAMILY = "1,2";
				TEST_HOST = "$(BUILT_PRODUCTS_DIR)/kd_study.app/kd_study";
			};
			name = Release;
		};
		1EBA7A37212275C4008F518C /* Debug */ = {
			isa = XCBuildConfiguration;
			baseConfigurationReference = C5B67A0C71109BD3C5ACE18D /* Pods-kd_studyUITests.debug.xcconfig */;
			buildSettings = {
				ALWAYS_EMBED_SWIFT_STANDARD_LIBRARIES = YES;
				CODE_SIGN_STYLE = Automatic;
				INFOPLIST_FILE = kd_studyUITests/Info.plist;
				LD_RUNPATH_SEARCH_PATHS = (
					"$(inherited)",
					"@executable_path/Frameworks",
					"@loader_path/Frameworks",
				);
				PRODUCT_BUNDLE_IDENTIFIER = "com.kdtest.kd-studyUITests";
				PRODUCT_NAME = "$(TARGET_NAME)";
				TARGETED_DEVICE_FAMILY = "1,2";
				TEST_TARGET_NAME = kd_study;
			};
			name = Debug;
		};
		1EBA7A38212275C4008F518C /* Release */ = {
			isa = XCBuildConfiguration;
			baseConfigurationReference = 55A84C2461E7402BBE83A17A /* Pods-kd_studyUITests.release.xcconfig */;
			buildSettings = {
				ALWAYS_EMBED_SWIFT_STANDARD_LIBRARIES = YES;
				CODE_SIGN_STYLE = Automatic;
				INFOPLIST_FILE = kd_studyUITests/Info.plist;
				LD_RUNPATH_SEARCH_PATHS = (
					"$(inherited)",
					"@executable_path/Frameworks",
					"@loader_path/Frameworks",
				);
				PRODUCT_BUNDLE_IDENTIFIER = "com.kdtest.kd-studyUITests";
				PRODUCT_NAME = "$(TARGET_NAME)";
				TARGETED_DEVICE_FAMILY = "1,2";
				TEST_TARGET_NAME = kd_study;
			};
			name = Release;
		};
/* End XCBuildConfiguration section */

/* Begin XCConfigurationList section */
		1EBA79FF212275C3008F518C /* Build configuration list for PBXProject "kd_study" */ = {
			isa = XCConfigurationList;
			buildConfigurations = (
				1EBA7A2E212275C4008F518C /* Debug */,
				1EBA7A2F212275C4008F518C /* Release */,
			);
			defaultConfigurationIsVisible = 0;
			defaultConfigurationName = Release;
		};
		1EBA7A30212275C4008F518C /* Build configuration list for PBXNativeTarget "kd_study" */ = {
			isa = XCConfigurationList;
			buildConfigurations = (
				1EBA7A31212275C4008F518C /* Debug */,
				1EBA7A32212275C4008F518C /* Release */,
			);
			defaultConfigurationIsVisible = 0;
			defaultConfigurationName = Release;
		};
		1EBA7A33212275C4008F518C /* Build configuration list for PBXNativeTarget "kd_studyTests" */ = {
			isa = XCConfigurationList;
			buildConfigurations = (
				1EBA7A34212275C4008F518C /* Debug */,
				1EBA7A35212275C4008F518C /* Release */,
			);
			defaultConfigurationIsVisible = 0;
			defaultConfigurationName = Release;
		};
		1EBA7A36212275C4008F518C /* Build configuration list for PBXNativeTarget "kd_studyUITests" */ = {
			isa = XCConfigurationList;
			buildConfigurations = (
				1EBA7A37212275C4008F518C /* Debug */,
				1EBA7A38212275C4008F518C /* Release */,
			);
			defaultConfigurationIsVisible = 0;
			defaultConfigurationName = Release;
		};
/* End XCConfigurationList section */
	};
	rootObject = 1EBA79FC212275C3008F518C /* Project object */;
}
